
Microsoft Visual Studio Solution File, Format Version 12.00
# Visual Studio Version 16
VisualStudioVersion = 16.0.28606.126
MinimumVisualStudioVersion = 10.0.40219.1
Project("{9A19103F-16F7-4668-BE54-9A1E7A4F7556}") = "scheduled-job", "scheduled-job.csproj", "{0D12F96C-5090-4BD9-A7F1-38521AAA48EF}"
EndProject
Global
	GlobalSection(SolutionConfigurationPlatforms) = preSolution
		Debug|Any CPU = Debug|Any CPU
		Release|Any CPU = Release|Any CPU
	EndGlobalSection
	GlobalSection(ProjectConfigurationPlatforms) = postSolution
		{0D12F96C-5090-4BD9-A7F1-38521AAA48EF}.Debug|Any CPU.ActiveCfg = Debug|Any CPU
		{0D12F96C-5090-4BD9-A7F1-38521AAA48EF}.Debug|Any CPU.Build.0 = Debug|Any CPU
		{0D12F96C-5090-4BD9-A7F1-38521AAA48EF}.Release|Any CPU.ActiveCfg = Release|Any CPU
		{0D12F96C-5090-4BD9-A7F1-38521AAA48EF}.Release|Any CPU.Build.0 = Release|Any CPU
	EndGlobalSection
	GlobalSection(SolutionProperties) = preSolution
		HideSolutionNode = FALSE
	EndGlobalSection
	GlobalSection(ExtensibilityGlobals) = postSolution
		SolutionGuid = {AC29E69C-D0BE-45C6-AA15-23EF6B99A748}
	EndGlobalSection
EndGlobal
